
Microsoft Visual Studio Solution File, Format Version 12.00
# Visual Studio Version 17
VisualStudioVersion = 17.11.35327.3
MinimumVisualStudioVersion = 10.0.40219.1
Project("{8BC9CEB8-8B4A-11D0-8D11-00A0C91BC942}") = "PhoneBook", "PhoneBook.vcxproj", "{FEA4350B-69AD-49F1-860F-F86C3861AAD3}"
EndProject
Global
	GlobalSection(SolutionConfigurationPlatforms) = preSolution
		Debug|x64 = Debug|x64
		Debug|x86 = Debug|x86
		Release|x64 = Release|x64
		Release|x86 = Release|x86
	EndGlobalSection
	GlobalSection(ProjectConfigurationPlatforms) = postSolution
		{FEA4350B-69AD-49F1-860F-F86C3861AAD3}.Debug|x64.ActiveCfg = Debug|x64
		{FEA4350B-69AD-49F1-860F-F86C3861AAD3}.Debug|x64.Build.0 = Debug|x64
		{FEA4350B-69AD-49F1-860F-F86C3861AAD3}.Debug|x86.ActiveCfg = Debug|Win32
		{FEA4350B-69AD-49F1-860F-F86C3861AAD3}.Debug|x86.Build.0 = Debug|Win32
		{FEA4350B-69AD-49F1-860F-F86C3861AAD3}.Release|x64.ActiveCfg = Release|x64
		{FEA4350B-69AD-49F1-860F-F86C3861AAD3}.Release|x64.Build.0 = Release|x64
		{FEA4350B-69AD-49F1-860F-F86C3861AAD3}.Release|x86.ActiveCfg = Release|Win32
		{FEA4350B-69AD-49F1-860F-F86C3861AAD3}.Release|x86.Build.0 = Release|Win32
	EndGlobalSection
	GlobalSection(SolutionProperties) = preSolution
		HideSolutionNode = FALSE
	EndGlobalSection
	GlobalSection(ExtensibilityGlobals) = postSolution
		SolutionGuid = {CCB58308-2230-4F7A-80CE-74D1CDB09B89}
	EndGlobalSection
EndGlobal
